// !$*UTF8*$!
{
	archiveVersion = 1;
	classes = {
	};
	objectVersion = 50;
	objects = {

/* Begin PBXBuildFile section */
		04B7C8DC278D534500093D0C /* AppDelegate.swift in Sources */ = {isa = PBXBuildFile; fileRef = 04B7C8DB278D534500093D0C /* AppDelegate.swift */; };
		04B7C8DE278D534500093D0C /* SceneDelegate.swift in Sources */ = {isa = PBXBuildFile; fileRef = 04B7C8DD278D534500093D0C /* SceneDelegate.swift */; };
		04B7C8E0278D534500093D0C /* ViewController.swift in Sources */ = {isa = PBXBuildFile; fileRef = 04B7C8DF278D534500093D0C /* ViewController.swift */; };
		04B7C8E3278D534500093D0C /* Main.storyboard in Resources */ = {isa = PBXBuildFile; fileRef = 04B7C8E1278D534500093D0C /* Main.storyboard */; };
		04B7C8E5278D534600093D0C /* Assets.xcassets in Resources */ = {isa = PBXBuildFile; fileRef = 04B7C8E4278D534600093D0C /* Assets.xcassets */; };
		04B7C8E8278D534600093D0C /* LaunchScreen.storyboard in Resources */ = {isa = PBXBuildFile; fileRef = 04B7C8E6278D534600093D0C /* LaunchScreen.storyboard */; };
		04B7C8F1278D537300093D0C /* ApiManager.swift in Sources */ = {isa = PBXBuildFile; fileRef = 04B7C8F0278D537300093D0C /* ApiManager.swift */; };
		04B7C8F4278D594500093D0C /* userInfo.swift in Sources */ = {isa = PBXBuildFile; fileRef = 04B7C8F3278D594500093D0C /* userInfo.swift */; };
		04B7C8F7278D5A8200093D0C /* Address.swift in Sources */ = {isa = PBXBuildFile; fileRef = 04B7C8F6278D5A8200093D0C /* Address.swift */; };
		04B7C8FA278D5B0200093D0C /* Geo.swift in Sources */ = {isa = PBXBuildFile; fileRef = 04B7C8F9278D5B0200093D0C /* Geo.swift */; };
		04B7C8FD278D5C3900093D0C /* Company.swift in Sources */ = {isa = PBXBuildFile; fileRef = 04B7C8FC278D5C3900093D0C /* Company.swift */; };
		04B7C900278D6C7100093D0C /* userinfoViewController.swift in Sources */ = {isa = PBXBuildFile; fileRef = 04B7C8FF278D6C7100093D0C /* userinfoViewController.swift */; };
/* End PBXBuildFile section */

/* Begin PBXFileReference section */
		04B7C8D8278D534500093D0C /* apicallWithClosure.app */ = {isa = PBXFileReference; explicitFileType = wrapper.application; includeInIndex = 0; path = apicallWithClosure.app; sourceTree = BUILT_PRODUCTS_DIR; };
		04B7C8DB278D534500093D0C /* AppDelegate.swift */ = {isa = PBXFileReference; lastKnownFileType = sourcecode.swift; path = AppDelegate.swift; sourceTree = "<group>"; };
		04B7C8DD278D534500093D0C /* SceneDelegate.swift */ = {isa = PBXFileReference; lastKnownFileType = sourcecode.swift; path = SceneDelegate.swift; sourceTree = "<group>"; };
		04B7C8DF278D534500093D0C /* ViewController.swift */ = {isa = PBXFileReference; lastKnownFileType = sourcecode.swift; path = ViewController.swift; sourceTree = "<group>"; };
		04B7C8E2278D534500093D0C /* Base */ = {isa = PBXFileReference; lastKnownFileType = file.storyboard; name = Base; path = Base.lproj/Main.storyboard; sourceTree = "<group>"; };
		04B7C8E4278D534600093D0C /* Assets.xcassets */ = {isa = PBXFileReference; lastKnownFileType = folder.assetcatalog; path = Assets.xcassets; sourceTree = "<group>"; };
		04B7C8E7278D534600093D0C /* Base */ = {isa = PBXFileReference; lastKnownFileType = file.storyboard; name = Base; path = Base.lproj/LaunchScreen.storyboard; sourceTree = "<group>"; };
		04B7C8E9278D534600093D0C /* Info.plist */ = {isa = PBXFileReference; lastKnownFileType = text.plist.xml; path = Info.plist; sourceTree = "<group>"; };
		04B7C8F0278D537300093D0C /* ApiManager.swift */ = {isa = PBXFileReference; lastKnownFileType = sourcecode.swift; path = ApiManager.swift; sourceTree = "<group>"; };
		04B7C8F3278D594500093D0C /* userInfo.swift */ = {isa = PBXFileReference; lastKnownFileType = sourcecode.swift; path = userInfo.swift; sourceTree = "<group>"; };
		04B7C8F6278D5A8200093D0C /* Address.swift */ = {isa = PBXFileReference; lastKnownFileType = sourcecode.swift; path = Address.swift; sourceTree = "<group>"; };
		04B7C8F9278D5B0200093D0C /* Geo.swift */ = {isa = PBXFileReference; lastKnownFileType = sourcecode.swift; path = Geo.swift; sourceTree = "<group>"; };
		04B7C8FC278D5C3900093D0C /* Company.swift */ = {isa = PBXFileReference; lastKnownFileType = sourcecode.swift; path = Company.swift; sourceTree = "<group>"; };
		04B7C8FF278D6C7100093D0C /* userinfoViewController.swift */ = {isa = PBXFileReference; lastKnownFileType = sourcecode.swift; path = userinfoViewController.swift; sourceTree = "<group>"; };
/* End PBXFileReference section */

/* Begin PBXFrameworksBuildPhase section */
		04B7C8D5278D534500093D0C /* Frameworks */ = {
			isa = PBXFrameworksBuildPhase;
			buildActionMask = 2147483647;
			files = (
			);
			runOnlyForDeploymentPostprocessing = 0;
		};
/* End PBXFrameworksBuildPhase section */

/* Begin PBXGroup section */
		04B7C8CF278D534500093D0C = {
			isa = PBXGroup;
			children = (
				04B7C8DA278D534500093D0C /* apicallWithClosure */,
				04B7C8D9278D534500093D0C /* Products */,
			);
			sourceTree = "<group>";
		};
		04B7C8D9278D534500093D0C /* Products */ = {
			isa = PBXGroup;
			children = (
				04B7C8D8278D534500093D0C /* apicallWithClosure.app */,
			);
			name = Products;
			sourceTree = "<group>";
		};
		04B7C8DA278D534500093D0C /* apicallWithClosure */ = {
			isa = PBXGroup;
			children = (
				04B7C8DB278D534500093D0C /* AppDelegate.swift */,
				04B7C8DD278D534500093D0C /* SceneDelegate.swift */,
				04B7C902278D752C00093D0C /* apiCall */,
				04B7C8E4278D534600093D0C /* Assets.xcassets */,
				04B7C8E9278D534600093D0C /* Info.plist */,
			);
			path = apicallWithClosure;
			sourceTree = "<group>";
		};
		04B7C902278D752C00093D0C /* apiCall */ = {
			isa = PBXGroup;
			children = (
				04B7C8F0278D537300093D0C /* ApiManager.swift */,
				04B7C903278D757200093D0C /* controller */,
			);
			path = apiCall;
			sourceTree = "<group>";
		};
		04B7C903278D757200093D0C /* controller */ = {
			isa = PBXGroup;
			children = (
				04B7C8DF278D534500093D0C /* ViewController.swift */,
				04B7C8FF278D6C7100093D0C /* userinfoViewController.swift */,
				04B7C904278D758F00093D0C /* storyboard */,
			);
			path = controller;
			sourceTree = "<group>";
		};
		04B7C904278D758F00093D0C /* storyboard */ = {
			isa = PBXGroup;
			children = (
				04B7C8E6278D534600093D0C /* LaunchScreen.storyboard */,
				04B7C8E1278D534500093D0C /* Main.storyboard */,
				04B7C905278D75BA00093D0C /* userInfo */,
			);
			path = storyboard;
			sourceTree = "<group>";
		};
		04B7C905278D75BA00093D0C /* userInfo */ = {
			isa = PBXGroup;
			children = (
				04B7C8F3278D594500093D0C /* userInfo.swift */,
				04B7C8FC278D5C3900093D0C /* Company.swift */,
				04B7C8F9278D5B0200093D0C /* Geo.swift */,
				04B7C8F6278D5A8200093D0C /* Address.swift */,
			);
			path = userInfo;
			sourceTree = "<group>";
		};
/* End PBXGroup section */

/* Begin PBXNativeTarget section */
		04B7C8D7278D534500093D0C /* apicallWithClosure */ = {
			isa = PBXNativeTarget;
			buildConfigurationList = 04B7C8EC278D534600093D0C /* Build configuration list for PBXNativeTarget "apicallWithClosure" */;
			buildPhases = (
				04B7C8D4278D534500093D0C /* Sources */,
				04B7C8D5278D534500093D0C /* Frameworks */,
				04B7C8D6278D534500093D0C /* Resources */,
			);
			buildRules = (
			);
			dependencies = (
			);
			name = apicallWithClosure;
			productName = apicallWithClosure;
			productReference = 04B7C8D8278D534500093D0C /* apicallWithClosure.app */;
			productType = "com.apple.product-type.application";
		};
/* End PBXNativeTarget section */

/* Begin PBXProject section */
		04B7C8D0278D534500093D0C /* Project object */ = {
			isa = PBXProject;
			attributes = {
				LastSwiftUpdateCheck = 1240;
				LastUpgradeCheck = 1240;
				TargetAttributes = {
					04B7C8D7278D534500093D0C = {
						CreatedOnToolsVersion = 12.4;
					};
				};
			};
			buildConfigurationList = 04B7C8D3278D534500093D0C /* Build configuration list for PBXProject "apicallWithClosure" */;
			compatibilityVersion = "Xcode 9.3";
			developmentRegion = en;
			hasScannedForEncodings = 0;
			knownRegions = (
				en,
				Base,
			);
			mainGroup = 04B7C8CF278D534500093D0C;
			productRefGroup = 04B7C8D9278D534500093D0C /* Products */;
			projectDirPath = "";
			projectRoot = "";
			targets = (
				04B7C8D7278D534500093D0C /* apicallWithClosure */,
			);
		};
/* End PBXProject section */

/* Begin PBXResourcesBuildPhase section */
		04B7C8D6278D534500093D0C /* Resources */ = {
			isa = PBXResourcesBuildPhase;
			buildActionMask = 2147483647;
			files = (
				04B7C8E8278D534600093D0C /* LaunchScreen.storyboard in Resources */,
				04B7C8E5278D534600093D0C /* Assets.xcassets in Resources */,
				04B7C8E3278D534500093D0C /* Main.storyboard in Resources */,
			);
			runOnlyForDeploymentPostprocessing = 0;
		};
/* End PBXResourcesBuildPhase section */

/* Begin PBXSourcesBuildPhase section */
		04B7C8D4278D534500093D0C /* Sources */ = {
			isa = PBXSourcesBuildPhase;
			buildActionMask = 2147483647;
			files = (
				04B7C8F7278D5A8200093D0C /* Address.swift in Sources */,
				04B7C8F1278D537300093D0C /* ApiManager.swift in Sources */,
				04B7C900278D6C7100093D0C /* userinfoViewController.swift in Sources */,
				04B7C8E0278D534500093D0C /* ViewController.swift in Sources */,
				04B7C8DC278D534500093D0C /* AppDelegate.swift in Sources */,
				04B7C8F4278D594500093D0C /* userInfo.swift in Sources */,
				04B7C8DE278D534500093D0C /* SceneDelegate.swift in Sources */,
				04B7C8FA278D5B0200093D0C /* Geo.swift in Sources */,
				04B7C8FD278D5C3900093D0C /* Company.swift in Sources */,
			);
			runOnlyForDeploymentPostprocessing = 0;
		};
/* End PBXSourcesBuildPhase section */

/* Begin PBXVariantGroup section */
		04B7C8E1278D534500093D0C /* Main.storyboard */ = {
			isa = PBXVariantGroup;
			children = (
				04B7C8E2278D534500093D0C /* Base */,
			);
			name = Main.storyboard;
			sourceTree = "<group>";
		};
		04B7C8E6278D534600093D0C /* LaunchScreen.storyboard */ = {
			isa = PBXVariantGroup;
			children = (
				04B7C8E7278D534600093D0C /* Base */,
			);
			name = LaunchScreen.storyboard;
			sourceTree = "<group>";
		};
/* End PBXVariantGroup section */

/* Begin XCBuildConfiguration section */
		04B7C8EA278D534600093D0C /* Debug */ = {
			isa = XCBuildConfiguration;
			buildSettings = {
				ALWAYS_SEARCH_USER_PATHS = NO;
				CLANG_ANALYZER_NONNULL = YES;
				CLANG_ANALYZER_NUMBER_OBJECT_CONVERSION = YES_AGGRESSIVE;
				CLANG_CXX_LANGUAGE_STANDARD = "gnu++14";
				CLANG_CXX_LIBRARY = "libc++";
				CLANG_ENABLE_MODULES = YES;
				CLANG_ENABLE_OBJC_ARC = YES;
				CLANG_ENABLE_OBJC_WEAK = YES;
				CLANG_WARN_BLOCK_CAPTURE_AUTORELEASING = YES;
				CLANG_WARN_BOOL_CONVERSION = YES;
				CLANG_WARN_COMMA = YES;
				CLANG_WARN_CONSTANT_CONVERSION = YES;
				CLANG_WARN_DEPRECATED_OBJC_IMPLEMENTATIONS = YES;
				CLANG_WARN_DIRECT_OBJC_ISA_USAGE = YES_ERROR;
				CLANG_WARN_DOCUMENTATION_COMMENTS = YES;
				CLANG_WARN_EMPTY_BODY = YES;
				CLANG_WARN_ENUM_CONVERSION = YES;
				CLANG_WARN_INFINITE_RECURSION = YES;
				CLANG_WARN_INT_CONVERSION = YES;
				CLANG_WARN_NON_LITERAL_NULL_CONVERSION = YES;
				CLANG_WARN_OBJC_IMPLICIT_RETAIN_SELF = YES;
				CLANG_WARN_OBJC_LITERAL_CONVERSION = YES;
				CLANG_WARN_OBJC_ROOT_CLASS = YES_ERROR;
				CLANG_WARN_QUOTED_INCLUDE_IN_FRAMEWORK_HEADER = YES;
				CLANG_WARN_RANGE_LOOP_ANALYSIS = YES;
				CLANG_WARN_STRICT_PROTOTYPES = YES;
				CLANG_WARN_SUSPICIOUS_MOVE = YES;
				CLANG_WARN_UNGUARDED_AVAILABILITY = YES_AGGRESSIVE;
				CLANG_WARN_UNREACHABLE_CODE = YES;
				CLANG_WARN__DUPLICATE_METHOD_MATCH = YES;
				COPY_PHASE_STRIP = NO;
				DEBUG_INFORMATION_FORMAT = dwarf;
				ENABLE_STRICT_OBJC_MSGSEND = YES;
				ENABLE_TESTABILITY = YES;
				GCC_C_LANGUAGE_STANDARD = gnu11;
				GCC_DYNAMIC_NO_PIC = NO;
				GCC_NO_COMMON_BLOCKS = YES;
				GCC_OPTIMIZATION_LEVEL = 0;
				GCC_PREPROCESSOR_DEFINITIONS = (
					"DEBUG=1",
					"$(inherited)",
				);
				GCC_WARN_64_TO_32_BIT_CONVERSION = YES;
				GCC_WARN_ABOUT_RETURN_TYPE = YES_ERROR;
				GCC_WARN_UNDECLARED_SELECTOR = YES;
				GCC_WARN_UNINITIALIZED_AUTOS = YES_AGGRESSIVE;
				GCC_WARN_UNUSED_FUNCTION = YES;
				GCC_WARN_UNUSED_VARIABLE = YES;
				IPHONEOS_DEPLOYMENT_TARGET = 14.4;
				MTL_ENABLE_DEBUG_INFO = INCLUDE_SOURCE;
				MTL_FAST_MATH = YES;
				ONLY_ACTIVE_ARCH = YES;
				SDKROOT = iphoneos;
				SWIFT_ACTIVE_COMPILATION_CONDITIONS = DEBUG;
				SWIFT_OPTIMIZATION_LEVEL = "-Onone";
			};
			name = Debug;
		};
		04B7C8EB278D534600093D0C /* Release */ = {
			isa = XCBuildConfiguration;
			buildSettings = {
				ALWAYS_SEARCH_USER_PATHS = NO;
				CLANG_ANALYZER_NONNULL = YES;
				CLANG_ANALYZER_NUMBER_OBJECT_CONVERSION = YES_AGGRESSIVE;
				CLANG_CXX_LANGUAGE_STANDARD = "gnu++14";
				CLANG_CXX_LIBRARY = "libc++";
				CLANG_ENABLE_MODULES = YES;
				CLANG_ENABLE_OBJC_ARC = YES;
				CLANG_ENABLE_OBJC_WEAK = YES;
				CLANG_WARN_BLOCK_CAPTURE_AUTORELEASING = YES;
				CLANG_WARN_BOOL_CONVERSION = YES;
				CLANG_WARN_COMMA = YES;
				CLANG_WARN_CONSTANT_CONVERSION = YES;
				CLANG_WARN_DEPRECATED_OBJC_IMPLEMENTATIONS = YES;
				CLANG_WARN_DIRECT_OBJC_ISA_USAGE = YES_ERROR;
				CLANG_WARN_DOCUMENTATION_COMMENTS = YES;
				CLANG_WARN_EMPTY_BODY = YES;
				CLANG_WARN_ENUM_CONVERSION = YES;
				CLANG_WARN_INFINITE_RECURSION = YES;
				CLANG_WARN_INT_CONVERSION = YES;
				CLANG_WARN_NON_LITERAL_NULL_CONVERSION = YES;
				CLANG_WARN_OBJC_IMPLICIT_RETAIN_SELF = YES;
				CLANG_WARN_OBJC_LITERAL_CONVERSION = YES;
				CLANG_WARN_OBJC_ROOT_CLASS = YES_ERROR;
				CLANG_WARN_QUOTED_INCLUDE_IN_FRAMEWORK_HEADER = YES;
				CLANG_WARN_RANGE_LOOP_ANALYSIS = YES;
				CLANG_WARN_STRICT_PROTOTYPES = YES;
				CLANG_WARN_SUSPICIOUS_MOVE = YES;
				CLANG_WARN_UNGUARDED_AVAILABILITY = YES_AGGRESSIVE;
				CLANG_WARN_UNREACHABLE_CODE = YES;
				CLANG_WARN__DUPLICATE_METHOD_MATCH = YES;
				COPY_PHASE_STRIP = NO;
				DEBUG_INFORMATION_FORMAT = "dwarf-with-dsym";
				ENABLE_NS_ASSERTIONS = NO;
				ENABLE_STRICT_OBJC_MSGSEND = YES;
				GCC_C_LANGUAGE_STANDARD = gnu11;
				GCC_NO_COMMON_BLOCKS = YES;
				GCC_WARN_64_TO_32_BIT_CONVERSION = YES;
				GCC_WARN_ABOUT_RETURN_TYPE = YES_ERROR;
				GCC_WARN_UNDECLARED_SELECTOR = YES;
				GCC_WARN_UNINITIALIZED_AUTOS = YES_AGGRESSIVE;
				GCC_WARN_UNUSED_FUNCTION = YES;
				GCC_WARN_UNUSED_VARIABLE = YES;
				IPHONEOS_DEPLOYMENT_TARGET = 14.4;
				MTL_ENABLE_DEBUG_INFO = NO;
				MTL_FAST_MATH = YES;
				SDKROOT = iphoneos;
				SWIFT_COMPILATION_MODE = wholemodule;
				SWIFT_OPTIMIZATION_LEVEL = "-O";
				VALIDATE_PRODUCT = YES;
			};
			name = Release;
		};
		04B7C8ED278D534600093D0C /* Debug */ = {
			isa = XCBuildConfiguration;
			buildSettings = {
				ASSETCATALOG_COMPILER_APPICON_NAME = AppIcon;
				ASSETCATALOG_COMPILER_GLOBAL_ACCENT_COLOR_NAME = AccentColor;
				CODE_SIGN_STYLE = Automatic;
				INFOPLIST_FILE = apicallWithClosure/Info.plist;
				LD_RUNPATH_SEARCH_PATHS = (
					"$(inherited)",
					"@executable_path/Frameworks",
				);
				PRODUCT_BUNDLE_IDENTIFIER = bitcode.apicallWithClosure;
				PRODUCT_NAME = "$(TARGET_NAME)";
				SWIFT_VERSION = 5.0;
				TARGETED_DEVICE_FAMILY = "1,2";
			};
			name = Debug;
		};
		04B7C8EE278D534600093D0C /* Release */ = {
			isa = XCBuildConfiguration;
			buildSettings = {
				ASSETCATALOG_COMPILER_APPICON_NAME = AppIcon;
				ASSETCATALOG_COMPILER_GLOBAL_ACCENT_COLOR_NAME = AccentColor;
				CODE_SIGN_STYLE = Automatic;
				INFOPLIST_FILE = apicallWithClosure/Info.plist;
				LD_RUNPATH_SEARCH_PATHS = (
					"$(inherited)",
					"@executable_path/Frameworks",
				);
				PRODUCT_BUNDLE_IDENTIFIER = bitcode.apicallWithClosure;
				PRODUCT_NAME = "$(TARGET_NAME)";
				SWIFT_VERSION = 5.0;
				TARGETED_DEVICE_FAMILY = "1,2";
			};
			name = Release;
		};
/* End XCBuildConfiguration section */

/* Begin XCConfigurationList section */
		04B7C8D3278D534500093D0C /* Build configuration list for PBXProject "apicallWithClosure" */ = {
			isa = XCConfigurationList;
			buildConfigurations = (
				04B7C8EA278D534600093D0C /* Debug */,
				04B7C8EB278D534600093D0C /* Release */,
			);
			defaultConfigurationIsVisible = 0;
			defaultConfigurationName = Release;
		};
		04B7C8EC278D534600093D0C /* Build configuration list for PBXNativeTarget "apicallWithClosure" */ = {
			isa = XCConfigurationList;
			buildConfigurations = (
				04B7C8ED278D534600093D0C /* Debug */,
				04B7C8EE278D534600093D0C /* Release */,
			);
			defaultConfigurationIsVisible = 0;
			defaultConfigurationName = Release;
		};
/* End XCConfigurationList section */
	};
	rootObject = 04B7C8D0278D534500093D0C /* Project object */;
}
